
Microsoft Visual Studio Solution File, Format Version 12.00
# Visual Studio Version 17
VisualStudioVersion = 17.3.32901.215
MinimumVisualStudioVersion = 10.0.40219.1
Project("{FAE04EC0-301F-11D3-BF4B-00C04F79EFBC}") = "EXE5_152_KELOMPOK4", "EXE5_152_KELOMPOK4\EXE5_152_KELOMPOK4.csproj", "{B52AF15A-466A-4B3E-8DAD-7BD6D0BC7F5A}"
EndProject
Global
	GlobalSection(SolutionConfigurationPlatforms) = preSolution
		Debug|Any CPU = Debug|Any CPU
		Release|Any CPU = Release|Any CPU
	EndGlobalSection
	GlobalSection(ProjectConfigurationPlatforms) = postSolution
		{B52AF15A-466A-4B3E-8DAD-7BD6D0BC7F5A}.Debug|Any CPU.ActiveCfg = Debug|Any CPU
		{B52AF15A-466A-4B3E-8DAD-7BD6D0BC7F5A}.Debug|Any CPU.Build.0 = Debug|Any CPU
		{B52AF15A-466A-4B3E-8DAD-7BD6D0BC7F5A}.Release|Any CPU.ActiveCfg = Release|Any CPU
		{B52AF15A-466A-4B3E-8DAD-7BD6D0BC7F5A}.Release|Any CPU.Build.0 = Release|Any CPU
	EndGlobalSection
	GlobalSection(SolutionProperties) = preSolution
		HideSolutionNode = FALSE
	EndGlobalSection
	GlobalSection(ExtensibilityGlobals) = postSolution
		SolutionGuid = {61D8F354-4C55-4E24-8B32-DC052F6CD915}
	EndGlobalSection
EndGlobal
